
Microsoft Visual Studio Solution File, Format Version 12.00
# Visual Studio Version 17
VisualStudioVersion = 17.12.35323.107
MinimumVisualStudioVersion = 10.0.40219.1
Project("{FAE04EC0-301F-11D3-BF4B-00C04F79EFBC}") = "ПР37", "ПР37\ПР37.csproj", "{07115701-4DD6-4AEA-AA33-4661D259638A}"
EndProject
Global
	GlobalSection(SolutionConfigurationPlatforms) = preSolution
		Debug|Any CPU = Debug|Any CPU
		Release|Any CPU = Release|Any CPU
	EndGlobalSection
	GlobalSection(ProjectConfigurationPlatforms) = postSolution
		{07115701-4DD6-4AEA-AA33-4661D259638A}.Debug|Any CPU.ActiveCfg = Debug|Any CPU
		{07115701-4DD6-4AEA-AA33-4661D259638A}.Debug|Any CPU.Build.0 = Debug|Any CPU
		{07115701-4DD6-4AEA-AA33-4661D259638A}.Release|Any CPU.ActiveCfg = Release|Any CPU
		{07115701-4DD6-4AEA-AA33-4661D259638A}.Release|Any CPU.Build.0 = Release|Any CPU
	EndGlobalSection
	GlobalSection(SolutionProperties) = preSolution
		HideSolutionNode = FALSE
	EndGlobalSection
	GlobalSection(ExtensibilityGlobals) = postSolution
		SolutionGuid = {8D77213B-CDC8-4392-A737-B8D0C754394F}
	EndGlobalSection
EndGlobal
